{
  "name": "myriad",
  "version": "0.0.1",
  "lockfileVersion": 3,
  "requires": true,
  "packages": {
    "": {
      "name": "myriad",
      "version": "0.0.1",
      "license": "MIT",
      "devDependencies": {
        "@coderosh/myriad": "^0.4.0"
      },
      "engines": {
        "vscode": "^1.85.0"
      }
    },
    "node_modules/@coderosh/myriad": {
      "version": "0.4.0",
      "resolved": "https://registry.npmjs.org/@coderosh/myriad/-/myriad-0.4.0.tgz",
      "integrity": "sha512-mKEej0wW6/PUzhv64SLfOsuAQ+hBBBt0xCj/Fz9f/BH4FEge97h6el8aJnjCxhn7DIjy2TZjVhna82V79F8dCA==",
      "dev": true,
      "dependencies": {
        "ansi-colors": "^4.1.3",
        "readline-sync": "^1.4.10"
      },
      "bin": {
        "myriad": "bin/myriad"
      }
    },
    "node_modules/ansi-colors": {
      "version": "4.1.3",
      "resolved": "https://registry.npmjs.org/ansi-colors/-/ansi-colors-4.1.3.tgz",
      "integrity": "sha512-/6w/C21Pm1A7aZitlI5Ni/2J6FFQN8i1Cvz3kHABAAbw93v/NlvKdVOqz7CCWz/3iv/JplRSEEZ83XION15ovw==",
      "dev": true,
      "engines": {
        "node": ">=6"
      }
    },
    "node_modules/readline-sync": {
      "version": "1.4.10",
      "resolved": "https://registry.npmjs.org/readline-sync/-/readline-sync-1.4.10.tgz",
      "integrity": "sha512-gNva8/6UAe8QYepIQH/jQ2qn91Qj0B9sYjMBBs3QOB8F2CXcKgLxQaJRP76sWVRQt+QU+8fAkCbCvjjMFu7Ycw==",
      "dev": true,
      "engines": {
        "node": ">= 0.8.0"
      }
    }
  }
}
